
Microsoft Visual Studio Solution File, Format Version 12.00
# Visual Studio Version 16
VisualStudioVersion = 16.0.32228.343
MinimumVisualStudioVersion = 10.0.40219.1
Project("{FAE04EC0-301F-11D3-BF4B-00C04F79EFBC}") = "P128Namespace", "P128Namespace.csproj", "{293A565E-7F26-4F04-9D08-87E7F379C744}"
EndProject
Global
	GlobalSection(SolutionConfigurationPlatforms) = preSolution
		Debug|Any CPU = Debug|Any CPU
		Release|Any CPU = Release|Any CPU
	EndGlobalSection
	GlobalSection(ProjectConfigurationPlatforms) = postSolution
		{293A565E-7F26-4F04-9D08-87E7F379C744}.Debug|Any CPU.ActiveCfg = Debug|Any CPU
		{293A565E-7F26-4F04-9D08-87E7F379C744}.Debug|Any CPU.Build.0 = Debug|Any CPU
		{293A565E-7F26-4F04-9D08-87E7F379C744}.Release|Any CPU.ActiveCfg = Release|Any CPU
		{293A565E-7F26-4F04-9D08-87E7F379C744}.Release|Any CPU.Build.0 = Release|Any CPU
	EndGlobalSection
	GlobalSection(SolutionProperties) = preSolution
		HideSolutionNode = FALSE
	EndGlobalSection
	GlobalSection(ExtensibilityGlobals) = postSolution
		SolutionGuid = {E01CA9E3-494A-4DDA-A72C-993F365DEBED}
	EndGlobalSection
EndGlobal
